// !$*UTF8*$!
{
	archiveVersion = 1;
	classes = {
	};
	objectVersion = 50;
	objects = {

/* Begin PBXBuildFile section */
		6778CFDA82E123D3F1361DC4 /* Pods_taskapp2.framework in Frameworks */ = {isa = PBXBuildFile; fileRef = 9FCE01E43F540007A7697560 /* Pods_taskapp2.framework */; };
		9957CAF72356F2CB00C79FC2 /* AppDelegate.swift in Sources */ = {isa = PBXBuildFile; fileRef = 9957CAF62356F2CB00C79FC2 /* AppDelegate.swift */; };
		9957CAF92356F2CB00C79FC2 /* ViewController.swift in Sources */ = {isa = PBXBuildFile; fileRef = 9957CAF82356F2CB00C79FC2 /* ViewController.swift */; };
		9957CAFC2356F2CB00C79FC2 /* Main.storyboard in Resources */ = {isa = PBXBuildFile; fileRef = 9957CAFA2356F2CB00C79FC2 /* Main.storyboard */; };
		9957CAFE2356F2CB00C79FC2 /* Assets.xcassets in Resources */ = {isa = PBXBuildFile; fileRef = 9957CAFD2356F2CB00C79FC2 /* Assets.xcassets */; };
		9957CB012356F2CB00C79FC2 /* LaunchScreen.storyboard in Resources */ = {isa = PBXBuildFile; fileRef = 9957CAFF2356F2CB00C79FC2 /* LaunchScreen.storyboard */; };
		9957CB092356F68F00C79FC2 /* InputViewController.swift in Sources */ = {isa = PBXBuildFile; fileRef = 9957CB082356F68F00C79FC2 /* InputViewController.swift */; };
/* End PBXBuildFile section */

/* Begin PBXFileReference section */
		0684EB5F8A3225DE17A83E34 /* Pods-taskapp2.debug.xcconfig */ = {isa = PBXFileReference; includeInIndex = 1; lastKnownFileType = text.xcconfig; name = "Pods-taskapp2.debug.xcconfig"; path = "Pods/Target Support Files/Pods-taskapp2/Pods-taskapp2.debug.xcconfig"; sourceTree = "<group>"; };
		5947A561CC5BB88E9CB41E79 /* Pods-taskapp2.release.xcconfig */ = {isa = PBXFileReference; includeInIndex = 1; lastKnownFileType = text.xcconfig; name = "Pods-taskapp2.release.xcconfig"; path = "Pods/Target Support Files/Pods-taskapp2/Pods-taskapp2.release.xcconfig"; sourceTree = "<group>"; };
		9957CAF32356F2CB00C79FC2 /* taskapp2.app */ = {isa = PBXFileReference; explicitFileType = wrapper.application; includeInIndex = 0; path = taskapp2.app; sourceTree = BUILT_PRODUCTS_DIR; };
		9957CAF62356F2CB00C79FC2 /* AppDelegate.swift */ = {isa = PBXFileReference; lastKnownFileType = sourcecode.swift; path = AppDelegate.swift; sourceTree = "<group>"; };
		9957CAF82356F2CB00C79FC2 /* ViewController.swift */ = {isa = PBXFileReference; lastKnownFileType = sourcecode.swift; path = ViewController.swift; sourceTree = "<group>"; };
		9957CAFB2356F2CB00C79FC2 /* Base */ = {isa = PBXFileReference; lastKnownFileType = file.storyboard; name = Base; path = Base.lproj/Main.storyboard; sourceTree = "<group>"; };
		9957CAFD2356F2CB00C79FC2 /* Assets.xcassets */ = {isa = PBXFileReference; lastKnownFileType = folder.assetcatalog; path = Assets.xcassets; sourceTree = "<group>"; };
		9957CB002356F2CB00C79FC2 /* Base */ = {isa = PBXFileReference; lastKnownFileType = file.storyboard; name = Base; path = Base.lproj/LaunchScreen.storyboard; sourceTree = "<group>"; };
		9957CB022356F2CB00C79FC2 /* Info.plist */ = {isa = PBXFileReference; lastKnownFileType = text.plist.xml; path = Info.plist; sourceTree = "<group>"; };
		9957CB082356F68F00C79FC2 /* InputViewController.swift */ = {isa = PBXFileReference; lastKnownFileType = sourcecode.swift; path = InputViewController.swift; sourceTree = "<group>"; };
		9FCE01E43F540007A7697560 /* Pods_taskapp2.framework */ = {isa = PBXFileReference; explicitFileType = wrapper.framework; includeInIndex = 0; path = Pods_taskapp2.framework; sourceTree = BUILT_PRODUCTS_DIR; };
/* End PBXFileReference section */

/* Begin PBXFrameworksBuildPhase section */
		9957CAF02356F2CB00C79FC2 /* Frameworks */ = {
			isa = PBXFrameworksBuildPhase;
			buildActionMask = 2147483647;
			files = (
				6778CFDA82E123D3F1361DC4 /* Pods_taskapp2.framework in Frameworks */,
			);
			runOnlyForDeploymentPostprocessing = 0;
		};
/* End PBXFrameworksBuildPhase section */

/* Begin PBXGroup section */
		28BBA8306C4D35B7A4BE2786 /* Frameworks */ = {
			isa = PBXGroup;
			children = (
				9FCE01E43F540007A7697560 /* Pods_taskapp2.framework */,
			);
			name = Frameworks;
			sourceTree = "<group>";
		};
		9957CAEA2356F2CB00C79FC2 = {
			isa = PBXGroup;
			children = (
				9957CAF52356F2CB00C79FC2 /* taskapp2 */,
				9957CAF42356F2CB00C79FC2 /* Products */,
				9A3C65D81FCB3DC01A2E9C10 /* Pods */,
				28BBA8306C4D35B7A4BE2786 /* Frameworks */,
			);
			sourceTree = "<group>";
		};
		9957CAF42356F2CB00C79FC2 /* Products */ = {
			isa = PBXGroup;
			children = (
				9957CAF32356F2CB00C79FC2 /* taskapp2.app */,
			);
			name = Products;
			sourceTree = "<group>";
		};
		9957CAF52356F2CB00C79FC2 /* taskapp2 */ = {
			isa = PBXGroup;
			children = (
				9957CAF62356F2CB00C79FC2 /* AppDelegate.swift */,
				9957CAF82356F2CB00C79FC2 /* ViewController.swift */,
				9957CB082356F68F00C79FC2 /* InputViewController.swift */,
				9957CAFA2356F2CB00C79FC2 /* Main.storyboard */,
				9957CAFD2356F2CB00C79FC2 /* Assets.xcassets */,
				9957CAFF2356F2CB00C79FC2 /* LaunchScreen.storyboard */,
				9957CB022356F2CB00C79FC2 /* Info.plist */,
			);
			path = taskapp2;
			sourceTree = "<group>";
		};
		9A3C65D81FCB3DC01A2E9C10 /* Pods */ = {
			isa = PBXGroup;
			children = (
				0684EB5F8A3225DE17A83E34 /* Pods-taskapp2.debug.xcconfig */,
				5947A561CC5BB88E9CB41E79 /* Pods-taskapp2.release.xcconfig */,
			);
			name = Pods;
			sourceTree = "<group>";
		};
/* End PBXGroup section */

/* Begin PBXNativeTarget section */
		9957CAF22356F2CB00C79FC2 /* taskapp2 */ = {
			isa = PBXNativeTarget;
			buildConfigurationList = 9957CB052356F2CB00C79FC2 /* Build configuration list for PBXNativeTarget "taskapp2" */;
			buildPhases = (
				95F54AED0784DAF849665D18 /* [CP] Check Pods Manifest.lock */,
				9957CAEF2356F2CB00C79FC2 /* Sources */,
				9957CAF02356F2CB00C79FC2 /* Frameworks */,
				9957CAF12356F2CB00C79FC2 /* Resources */,
				7E8B2C257CC813BFC3BEC194 /* [CP] Embed Pods Frameworks */,
			);
			buildRules = (
			);
			dependencies = (
			);
			name = taskapp2;
			productName = taskapp2;
			productReference = 9957CAF32356F2CB00C79FC2 /* taskapp2.app */;
			productType = "com.apple.product-type.application";
		};
/* End PBXNativeTarget section */

/* Begin PBXProject section */
		9957CAEB2356F2CB00C79FC2 /* Project object */ = {
			isa = PBXProject;
			attributes = {
				LastSwiftUpdateCheck = 1030;
				LastUpgradeCheck = 1030;
				ORGANIZATIONNAME = mikako.kinugawa;
				TargetAttributes = {
					9957CAF22356F2CB00C79FC2 = {
						CreatedOnToolsVersion = 10.3;
					};
				};
			};
			buildConfigurationList = 9957CAEE2356F2CB00C79FC2 /* Build configuration list for PBXProject "taskapp2" */;
			compatibilityVersion = "Xcode 9.3";
			developmentRegion = en;
			hasScannedForEncodings = 0;
			knownRegions = (
				en,
				Base,
			);
			mainGroup = 9957CAEA2356F2CB00C79FC2;
			productRefGroup = 9957CAF42356F2CB00C79FC2 /* Products */;
			projectDirPath = "";
			projectRoot = "";
			targets = (
				9957CAF22356F2CB00C79FC2 /* taskapp2 */,
			);
		};
/* End PBXProject section */

/* Begin PBXResourcesBuildPhase section */
		9957CAF12356F2CB00C79FC2 /* Resources */ = {
			isa = PBXResourcesBuildPhase;
			buildActionMask = 2147483647;
			files = (
				9957CB012356F2CB00C79FC2 /* LaunchScreen.storyboard in Resources */,
				9957CAFE2356F2CB00C79FC2 /* Assets.xcassets in Resources */,
				9957CAFC2356F2CB00C79FC2 /* Main.storyboard in Resources */,
			);
			runOnlyForDeploymentPostprocessing = 0;
		};
/* End PBXResourcesBuildPhase section */

/* Begin PBXShellScriptBuildPhase section */
		7E8B2C257CC813BFC3BEC194 /* [CP] Embed Pods Frameworks */ = {
			isa = PBXShellScriptBuildPhase;
			buildActionMask = 2147483647;
			files = (
			);
			inputPaths = (
				"${SRCROOT}/Pods/Target Support Files/Pods-taskapp2/Pods-taskapp2-frameworks.sh",
				"${BUILT_PRODUCTS_DIR}/Realm/Realm.framework",
				"${BUILT_PRODUCTS_DIR}/RealmSwift/RealmSwift.framework",
			);
			name = "[CP] Embed Pods Frameworks";
			outputPaths = (
				"${TARGET_BUILD_DIR}/${FRAMEWORKS_FOLDER_PATH}/Realm.framework",
				"${TARGET_BUILD_DIR}/${FRAMEWORKS_FOLDER_PATH}/RealmSwift.framework",
			);
			runOnlyForDeploymentPostprocessing = 0;
			shellPath = /bin/sh;
			shellScript = "\"${SRCROOT}/Pods/Target Support Files/Pods-taskapp2/Pods-taskapp2-frameworks.sh\"\n";
			showEnvVarsInLog = 0;
		};
		95F54AED0784DAF849665D18 /* [CP] Check Pods Manifest.lock */ = {
			isa = PBXShellScriptBuildPhase;
			buildActionMask = 2147483647;
			files = (
			);
			inputPaths = (
				"${PODS_PODFILE_DIR_PATH}/Podfile.lock",
				"${PODS_ROOT}/Manifest.lock",
			);
			name = "[CP] Check Pods Manifest.lock";
			outputPaths = (
				"$(DERIVED_FILE_DIR)/Pods-taskapp2-checkManifestLockResult.txt",
			);
			runOnlyForDeploymentPostprocessing = 0;
			shellPath = /bin/sh;
			shellScript = "diff \"${PODS_PODFILE_DIR_PATH}/Podfile.lock\" \"${PODS_ROOT}/Manifest.lock\" > /dev/null\nif [ $? != 0 ] ; then\n    # print error to STDERR\n    echo \"error: The sandbox is not in sync with the Podfile.lock. Run 'pod install' or update your CocoaPods installation.\" >&2\n    exit 1\nfi\n# This output is used by Xcode 'outputs' to avoid re-running this script phase.\necho \"SUCCESS\" > \"${SCRIPT_OUTPUT_FILE_0}\"\n";
			showEnvVarsInLog = 0;
		};
/* End PBXShellScriptBuildPhase section */

/* Begin PBXSourcesBuildPhase section */
		9957CAEF2356F2CB00C79FC2 /* Sources */ = {
			isa = PBXSourcesBuildPhase;
			buildActionMask = 2147483647;
			files = (
				9957CB092356F68F00C79FC2 /* InputViewController.swift in Sources */,
				9957CAF92356F2CB00C79FC2 /* ViewController.swift in Sources */,
				9957CAF72356F2CB00C79FC2 /* AppDelegate.swift in Sources */,
			);
			runOnlyForDeploymentPostprocessing = 0;
		};
/* End PBXSourcesBuildPhase section */

/* Begin PBXVariantGroup section */
		9957CAFA2356F2CB00C79FC2 /* Main.storyboard */ = {
			isa = PBXVariantGroup;
			children = (
				9957CAFB2356F2CB00C79FC2 /* Base */,
			);
			name = Main.storyboard;
			sourceTree = "<group>";
		};
		9957CAFF2356F2CB00C79FC2 /* LaunchScreen.storyboard */ = {
			isa = PBXVariantGroup;
			children = (
				9957CB002356F2CB00C79FC2 /* Base */,
			);
			name = LaunchScreen.storyboard;
			sourceTree = "<group>";
		};
/* End PBXVariantGroup section */

/* Begin XCBuildConfiguration section */
		9957CB032356F2CB00C79FC2 /* Debug */ = {
			isa = XCBuildConfiguration;
			buildSettings = {
				ALWAYS_SEARCH_USER_PATHS = NO;
				CLANG_ANALYZER_NONNULL = YES;
				CLANG_ANALYZER_NUMBER_OBJECT_CONVERSION = YES_AGGRESSIVE;
				CLANG_CXX_LANGUAGE_STANDARD = "gnu++14";
				CLANG_CXX_LIBRARY = "libc++";
				CLANG_ENABLE_MODULES = YES;
				CLANG_ENABLE_OBJC_ARC = YES;
				CLANG_ENABLE_OBJC_WEAK = YES;
				CLANG_WARN_BLOCK_CAPTURE_AUTORELEASING = YES;
				CLANG_WARN_BOOL_CONVERSION = YES;
				CLANG_WARN_COMMA = YES;
				CLANG_WARN_CONSTANT_CONVERSION = YES;
				CLANG_WARN_DEPRECATED_OBJC_IMPLEMENTATIONS = YES;
				CLANG_WARN_DIRECT_OBJC_ISA_USAGE = YES_ERROR;
				CLANG_WARN_DOCUMENTATION_COMMENTS = YES;
				CLANG_WARN_EMPTY_BODY = YES;
				CLANG_WARN_ENUM_CONVERSION = YES;
				CLANG_WARN_INFINITE_RECURSION = YES;
				CLANG_WARN_INT_CONVERSION = YES;
				CLANG_WARN_NON_LITERAL_NULL_CONVERSION = YES;
				CLANG_WARN_OBJC_IMPLICIT_RETAIN_SELF = YES;
				CLANG_WARN_OBJC_LITERAL_CONVERSION = YES;
				CLANG_WARN_OBJC_ROOT_CLASS = YES_ERROR;
				CLANG_WARN_RANGE_LOOP_ANALYSIS = YES;
				CLANG_WARN_STRICT_PROTOTYPES = YES;
				CLANG_WARN_SUSPICIOUS_MOVE = YES;
				CLANG_WARN_UNGUARDED_AVAILABILITY = YES_AGGRESSIVE;
				CLANG_WARN_UNREACHABLE_CODE = YES;
				CLANG_WARN__DUPLICATE_METHOD_MATCH = YES;
				CODE_SIGN_IDENTITY = "iPhone Developer";
				COPY_PHASE_STRIP = NO;
				DEBUG_INFORMATION_FORMAT = dwarf;
				ENABLE_STRICT_OBJC_MSGSEND = YES;
				ENABLE_TESTABILITY = YES;
				GCC_C_LANGUAGE_STANDARD = gnu11;
				GCC_DYNAMIC_NO_PIC = NO;
				GCC_NO_COMMON_BLOCKS = YES;
				GCC_OPTIMIZATION_LEVEL = 0;
				GCC_PREPROCESSOR_DEFINITIONS = (
					"DEBUG=1",
					"$(inherited)",
				);
				GCC_WARN_64_TO_32_BIT_CONVERSION = YES;
				GCC_WARN_ABOUT_RETURN_TYPE = YES_ERROR;
				GCC_WARN_UNDECLARED_SELECTOR = YES;
				GCC_WARN_UNINITIALIZED_AUTOS = YES_AGGRESSIVE;
				GCC_WARN_UNUSED_FUNCTION = YES;
				GCC_WARN_UNUSED_VARIABLE = YES;
				IPHONEOS_DEPLOYMENT_TARGET = 12.4;
				MTL_ENABLE_DEBUG_INFO = INCLUDE_SOURCE;
				MTL_FAST_MATH = YES;
				ONLY_ACTIVE_ARCH = YES;
				SDKROOT = iphoneos;
				SWIFT_ACTIVE_COMPILATION_CONDITIONS = DEBUG;
				SWIFT_OPTIMIZATION_LEVEL = "-Onone";
			};
			name = Debug;
		};
		9957CB042356F2CB00C79FC2 /* Release */ = {
			isa = XCBuildConfiguration;
			buildSettings = {
				ALWAYS_SEARCH_USER_PATHS = NO;
				CLANG_ANALYZER_NONNULL = YES;
				CLANG_ANALYZER_NUMBER_OBJECT_CONVERSION = YES_AGGRESSIVE;
				CLANG_CXX_LANGUAGE_STANDARD = "gnu++14";
				CLANG_CXX_LIBRARY = "libc++";
				CLANG_ENABLE_MODULES = YES;
				CLANG_ENABLE_OBJC_ARC = YES;
				CLANG_ENABLE_OBJC_WEAK = YES;
				CLANG_WARN_BLOCK_CAPTURE_AUTORELEASING = YES;
				CLANG_WARN_BOOL_CONVERSION = YES;
				CLANG_WARN_COMMA = YES;
				CLANG_WARN_CONSTANT_CONVERSION = YES;
				CLANG_WARN_DEPRECATED_OBJC_IMPLEMENTATIONS = YES;
				CLANG_WARN_DIRECT_OBJC_ISA_USAGE = YES_ERROR;
				CLANG_WARN_DOCUMENTATION_COMMENTS = YES;
				CLANG_WARN_EMPTY_BODY = YES;
				CLANG_WARN_ENUM_CONVERSION = YES;
				CLANG_WARN_INFINITE_RECURSION = YES;
				CLANG_WARN_INT_CONVERSION = YES;
				CLANG_WARN_NON_LITERAL_NULL_CONVERSION = YES;
				CLANG_WARN_OBJC_IMPLICIT_RETAIN_SELF = YES;
				CLANG_WARN_OBJC_LITERAL_CONVERSION = YES;
				CLANG_WARN_OBJC_ROOT_CLASS = YES_ERROR;
				CLANG_WARN_RANGE_LOOP_ANALYSIS = YES;
				CLANG_WARN_STRICT_PROTOTYPES = YES;
				CLANG_WARN_SUSPICIOUS_MOVE = YES;
				CLANG_WARN_UNGUARDED_AVAILABILITY = YES_AGGRESSIVE;
				CLANG_WARN_UNREACHABLE_CODE = YES;
				CLANG_WARN__DUPLICATE_METHOD_MATCH = YES;
				CODE_SIGN_IDENTITY = "iPhone Developer";
				COPY_PHASE_STRIP = NO;
				DEBUG_INFORMATION_FORMAT = "dwarf-with-dsym";
				ENABLE_NS_ASSERTIONS = NO;
				ENABLE_STRICT_OBJC_MSGSEND = YES;
				GCC_C_LANGUAGE_STANDARD = gnu11;
				GCC_NO_COMMON_BLOCKS = YES;
				GCC_WARN_64_TO_32_BIT_CONVERSION = YES;
				GCC_WARN_ABOUT_RETURN_TYPE = YES_ERROR;
				GCC_WARN_UNDECLARED_SELECTOR = YES;
				GCC_WARN_UNINITIALIZED_AUTOS = YES_AGGRESSIVE;
				GCC_WARN_UNUSED_FUNCTION = YES;
				GCC_WARN_UNUSED_VARIABLE = YES;
				IPHONEOS_DEPLOYMENT_TARGET = 12.4;
				MTL_ENABLE_DEBUG_INFO = NO;
				MTL_FAST_MATH = YES;
				SDKROOT = iphoneos;
				SWIFT_COMPILATION_MODE = wholemodule;
				SWIFT_OPTIMIZATION_LEVEL = "-O";
				VALIDATE_PRODUCT = YES;
			};
			name = Release;
		};
		9957CB062356F2CB00C79FC2 /* Debug */ = {
			isa = XCBuildConfiguration;
			baseConfigurationReference = 0684EB5F8A3225DE17A83E34 /* Pods-taskapp2.debug.xcconfig */;
			buildSettings = {
				ASSETCATALOG_COMPILER_APPICON_NAME = AppIcon;
				CODE_SIGN_STYLE = Automatic;
				DEVELOPMENT_TEAM = PB7KQM63C4;
				INFOPLIST_FILE = taskapp2/Info.plist;
				LD_RUNPATH_SEARCH_PATHS = (
					"$(inherited)",
					"@executable_path/Frameworks",
				);
				PRODUCT_BUNDLE_IDENTIFIER = jp.techacademy.mikako.kinugawa.taskapp2;
				PRODUCT_NAME = "$(TARGET_NAME)";
				SWIFT_VERSION = 5.0;
				TARGETED_DEVICE_FAMILY = 1;
			};
			name = Debug;
		};
		9957CB072356F2CB00C79FC2 /* Release */ = {
			isa = XCBuildConfiguration;
			baseConfigurationReference = 5947A561CC5BB88E9CB41E79 /* Pods-taskapp2.release.xcconfig */;
			buildSettings = {
				ASSETCATALOG_COMPILER_APPICON_NAME = AppIcon;
				CODE_SIGN_STYLE = Automatic;
				DEVELOPMENT_TEAM = PB7KQM63C4;
				INFOPLIST_FILE = taskapp2/Info.plist;
				LD_RUNPATH_SEARCH_PATHS = (
					"$(inherited)",
					"@executable_path/Frameworks",
				);
				PRODUCT_BUNDLE_IDENTIFIER = jp.techacademy.mikako.kinugawa.taskapp2;
				PRODUCT_NAME = "$(TARGET_NAME)";
				SWIFT_VERSION = 5.0;
				TARGETED_DEVICE_FAMILY = 1;
			};
			name = Release;
		};
/* End XCBuildConfiguration section */

/* Begin XCConfigurationList section */
		9957CAEE2356F2CB00C79FC2 /* Build configuration list for PBXProject "taskapp2" */ = {
			isa = XCConfigurationList;
			buildConfigurations = (
				9957CB032356F2CB00C79FC2 /* Debug */,
				9957CB042356F2CB00C79FC2 /* Release */,
			);
			defaultConfigurationIsVisible = 0;
			defaultConfigurationName = Release;
		};
		9957CB052356F2CB00C79FC2 /* Build configuration list for PBXNativeTarget "taskapp2" */ = {
			isa = XCConfigurationList;
			buildConfigurations = (
				9957CB062356F2CB00C79FC2 /* Debug */,
				9957CB072356F2CB00C79FC2 /* Release */,
			);
			defaultConfigurationIsVisible = 0;
			defaultConfigurationName = Release;
		};
/* End XCConfigurationList section */
	};
	rootObject = 9957CAEB2356F2CB00C79FC2 /* Project object */;
}
